schema: '2.0'
stages:
  process:
    cmd: python src/process.py data/raw.txt data/processed.txt
  fastq_to_bam:
    cmd: python src/fastq_to_bam.py data/sample.fastq data/sample.bam
    deps:
    - path: data/sample.fastq
      hash: md5
      md5: 26a3749acb9148c81685090cb5b928a6
      size: 38
    - path: src/fastq_to_bam.py
      hash: md5
      md5: 1177b7df7fdf46aab3c1149b86a90977
      size: 315
    outs:
    - path: data/sample.bam
      hash: md5
      md5: 8820b0884c4fabc8665b89ee7854ff7a
      size: 33
  bam_to_vcf:
    cmd: python src/bam_to_vcf.py data/sample.bam data/sample.vcf
    deps:
    - path: data/sample.bam
      hash: md5
      md5: 8820b0884c4fabc8665b89ee7854ff7a
      size: 33
    - path: src/bam_to_vcf.py
      hash: md5
      md5: 817f4e2b7f028a69b3dd037cc4fbfe59
      size: 448
    outs:
    - path: data/sample.vcf
      hash: md5
      md5: 8294424e7195883b1f1144b3d0d56599
      size: 112
