schema: '2.0'
stages:
  fastq_to_bam:
    cmd: python src/fastq_to_bam.py data/sample.fastq data/sample.bam
    deps:
    - path: data/sample.fastq
      hash: md5
      md5: 3185d14500ed42fd393a7b46ee644b43
      size: 32
    - path: src/fastq_to_bam.py
      hash: md5
      md5: 1177b7df7fdf46aab3c1149b86a90977
      size: 315
    outs:
    - path: data/sample.bam
      hash: md5
      md5: 97402250a88b1d86f25555ac0096070f
      size: 27
  bam_to_vcf:
    cmd: python src/bam_to_vcf.py data/sample.bam data/sample.vcf
    deps:
    - path: data/sample.bam
      hash: md5
      md5: 97402250a88b1d86f25555ac0096070f
      size: 27
    - path: src/bam_to_vcf.py
      hash: md5
      md5: 817f4e2b7f028a69b3dd037cc4fbfe59
      size: 448
    outs:
    - path: data/sample.vcf
      hash: md5
      md5: cd14d439b5e0d5cff5abaf48f7c5a458
      size: 106
